
Microsoft Visual Studio Solution File, Format Version 12.00
# Visual Studio 15
Project("{FAE04EC0-301F-11D3-BF4B-00C04F79EFBC}") = "Assembly-CSharp", "Assembly-CSharp.csproj", "{B8A2B098-F77E-0C5A-743A-40BB74470DA7}"
EndProject
Global
	GlobalSection(SolutionConfigurationPlatforms) = preSolution
		Debug|Any CPU = Debug|Any CPU
		Release|Any CPU = Release|Any CPU
	EndGlobalSection
	GlobalSection(ProjectConfigurationPlatforms) = postSolution
		{B8A2B098-F77E-0C5A-743A-40BB74470DA7}.Debug|Any CPU.ActiveCfg = Debug|Any CPU
		{B8A2B098-F77E-0C5A-743A-40BB74470DA7}.Debug|Any CPU.Build.0 = Debug|Any CPU
		{B8A2B098-F77E-0C5A-743A-40BB74470DA7}.Release|Any CPU.ActiveCfg = Release|Any CPU
		{B8A2B098-F77E-0C5A-743A-40BB74470DA7}.Release|Any CPU.Build.0 = Release|Any CPU
	EndGlobalSection
	GlobalSection(SolutionProperties) = preSolution
		HideSolutionNode = FALSE
	EndGlobalSection
EndGlobal
